{
  "name": "worker-sqs",
  "version": "1.0.0",
  "lockfileVersion": 1,
  "requires": true,
  "dependencies": {
    "aws4fetch": {
      "version": "1.0.3",
      "resolved": "https://registry.npmjs.org/aws4fetch/-/aws4fetch-1.0.3.tgz",
      "integrity": "sha512-82agcuWU8OkEby5i6pECw1eex89Zmre9I1RPi5TcF7EdKvoWdxBmfuzi3/aYqfxAvrGuC72hZAZtitkn5nqlJg=="
    },
    "prettier": {
      "version": "1.19.1",
      "resolved": "https://registry.npmjs.org/prettier/-/prettier-1.19.1.tgz",
      "integrity": "sha512-s7PoyDv/II1ObgQunCbB9PdLmUcBZcnWOcxDh7O0N/UwDEsHyqkW+Qh28jW+mVuCdx7gLB0BotYI1Y6uI9iyew==",
      "dev": true
    }
  }
}
